// !$*UTF8*$!
{
	archiveVersion = 1;
	classes = {
	};
	objectVersion = 50;
	objects = {

/* Begin PBXBuildFile section */
		C347FA8021F7A5A3008C4E53 /* SwiftNest.h in Headers */ = {isa = PBXBuildFile; fileRef = C347FA7E21F7A5A3008C4E53 /* SwiftNest.h */; settings = {ATTRIBUTES = (Public, ); }; };
		C347FA8421F7A5B5008C4E53 /* FileProvider.swift in Sources */ = {isa = PBXBuildFile; fileRef = C3F0B4CE21F4B3E80048150A /* FileProvider.swift */; };
		C347FA8521F7A5B5008C4E53 /* FileProvider.swift in Sources */ = {isa = PBXBuildFile; fileRef = C3F0B4CE21F4B3E80048150A /* FileProvider.swift */; };
		C347FA8621F7A5B9008C4E53 /* Regex.swift in Sources */ = {isa = PBXBuildFile; fileRef = C3D9B97521F3AA36008D350C /* Regex.swift */; };
		C347FA8721F7A5BE008C4E53 /* Color.swift in Sources */ = {isa = PBXBuildFile; fileRef = C3D9B97121F3AA12008D350C /* Color.swift */; };
		C347FA8821F7A5C0008C4E53 /* Image.swift in Sources */ = {isa = PBXBuildFile; fileRef = C3D9B96B21F3AA0A008D350C /* Image.swift */; };
		C347FA8921F7A5C3008C4E53 /* Font.swift in Sources */ = {isa = PBXBuildFile; fileRef = C3D9B96C21F3AA0A008D350C /* Font.swift */; };
		C347FA8A21F7A5C6008C4E53 /* NetworkResponse.swift in Sources */ = {isa = PBXBuildFile; fileRef = C3D9B93B21F3997D008D350C /* NetworkResponse.swift */; };
		C347FA8B21F7A5C6008C4E53 /* NetworkResponse.swift in Sources */ = {isa = PBXBuildFile; fileRef = C3D9B93B21F3997D008D350C /* NetworkResponse.swift */; };
		C347FA8C21F7A5C9008C4E53 /* NetworkService.swift in Sources */ = {isa = PBXBuildFile; fileRef = C3D9B93C21F3997D008D350C /* NetworkService.swift */; };
		C347FA8D21F7A5CA008C4E53 /* NetworkService.swift in Sources */ = {isa = PBXBuildFile; fileRef = C3D9B93C21F3997D008D350C /* NetworkService.swift */; };
		C347FA8E21F7A5CC008C4E53 /* NetworkRequest.swift in Sources */ = {isa = PBXBuildFile; fileRef = C3D9B93D21F3997D008D350C /* NetworkRequest.swift */; };
		C347FA8F21F7A5CC008C4E53 /* NetworkRequest.swift in Sources */ = {isa = PBXBuildFile; fileRef = C3D9B93D21F3997D008D350C /* NetworkRequest.swift */; };
		C347FA9021F7A5D3008C4E53 /* FileManager+Extension.swift in Sources */ = {isa = PBXBuildFile; fileRef = C3F0B4D021F4B3F10048150A /* FileManager+Extension.swift */; };
		C347FA9121F7A5D4008C4E53 /* FileManager+Extension.swift in Sources */ = {isa = PBXBuildFile; fileRef = C3F0B4D021F4B3F10048150A /* FileManager+Extension.swift */; };
		C347FA9221F7A5D6008C4E53 /* URL+Extension.swift in Sources */ = {isa = PBXBuildFile; fileRef = C3D9B96621F3A9E9008D350C /* URL+Extension.swift */; };
		C347FA9521F7A5DB008C4E53 /* Date+Extensions.swift in Sources */ = {isa = PBXBuildFile; fileRef = C3D9B91721F39976008D350C /* Date+Extensions.swift */; };
		C347FA9621F7A5DC008C4E53 /* Date+Extensions.swift in Sources */ = {isa = PBXBuildFile; fileRef = C3D9B91721F39976008D350C /* Date+Extensions.swift */; };
		C347FA9721F7A5E3008C4E53 /* Data+Extensions.swift in Sources */ = {isa = PBXBuildFile; fileRef = C3D9B91821F39976008D350C /* Data+Extensions.swift */; };
		C347FA9821F7A5E3008C4E53 /* Data+Extensions.swift in Sources */ = {isa = PBXBuildFile; fileRef = C3D9B91821F39976008D350C /* Data+Extensions.swift */; };
		C347FA9921F7A5E7008C4E53 /* BaseCoordinator.swift in Sources */ = {isa = PBXBuildFile; fileRef = C3D9B91321F3996D008D350C /* BaseCoordinator.swift */; };
		C347FA9A21F7A5E8008C4E53 /* BaseCoordinator.swift in Sources */ = {isa = PBXBuildFile; fileRef = C3D9B91321F3996D008D350C /* BaseCoordinator.swift */; };
		C36073992213B612005BB59D /* DateExtensionsTests.swift in Sources */ = {isa = PBXBuildFile; fileRef = C36073982213B612005BB59D /* DateExtensionsTests.swift */; };
		C383976C2203E94800E50671 /* SimpleKeychain.swift in Sources */ = {isa = PBXBuildFile; fileRef = C383976B2203E94800E50671 /* SimpleKeychain.swift */; };
		C383976D2203E94800E50671 /* SimpleKeychain.swift in Sources */ = {isa = PBXBuildFile; fileRef = C383976B2203E94800E50671 /* SimpleKeychain.swift */; };
		C383976E2203E94800E50671 /* SimpleKeychain.swift in Sources */ = {isa = PBXBuildFile; fileRef = C383976B2203E94800E50671 /* SimpleKeychain.swift */; };
		C3D9B8F921F398B3008D350C /* SwiftNest.framework in Frameworks */ = {isa = PBXBuildFile; fileRef = C3D9B8EF21F398B3008D350C /* SwiftNest.framework */; };
		C3D9B90021F398B3008D350C /* SwiftNest.h in Headers */ = {isa = PBXBuildFile; fileRef = C3D9B8F221F398B3008D350C /* SwiftNest.h */; settings = {ATTRIBUTES = (Public, ); }; };
		C3D9B91421F3996D008D350C /* BaseCoordinator.swift in Sources */ = {isa = PBXBuildFile; fileRef = C3D9B91321F3996D008D350C /* BaseCoordinator.swift */; };
		C3D9B92A21F39976008D350C /* StringArrayListable.swift in Sources */ = {isa = PBXBuildFile; fileRef = C3D9B91621F39976008D350C /* StringArrayListable.swift */; };
		C3D9B92B21F39976008D350C /* Date+Extensions.swift in Sources */ = {isa = PBXBuildFile; fileRef = C3D9B91721F39976008D350C /* Date+Extensions.swift */; };
		C3D9B92C21F39976008D350C /* Data+Extensions.swift in Sources */ = {isa = PBXBuildFile; fileRef = C3D9B91821F39976008D350C /* Data+Extensions.swift */; };
		C3D9B92D21F39976008D350C /* EditDialogViewController.swift in Sources */ = {isa = PBXBuildFile; fileRef = C3D9B91C21F39976008D350C /* EditDialogViewController.swift */; };
		C3D9B92E21F39976008D350C /* EditField.swift in Sources */ = {isa = PBXBuildFile; fileRef = C3D9B91D21F39976008D350C /* EditField.swift */; };
		C3D9B92F21F39976008D350C /* EditDialogWindowController.swift in Sources */ = {isa = PBXBuildFile; fileRef = C3D9B91E21F39976008D350C /* EditDialogWindowController.swift */; };
		C3D9B93021F39976008D350C /* Editable.swift in Sources */ = {isa = PBXBuildFile; fileRef = C3D9B91F21F39976008D350C /* Editable.swift */; };
		C3D9B93121F39976008D350C /* Formatter.swift in Sources */ = {isa = PBXBuildFile; fileRef = C3D9B92021F39976008D350C /* Formatter.swift */; };
		C3D9B93221F39976008D350C /* EditDialog.storyboard in Resources */ = {isa = PBXBuildFile; fileRef = C3D9B92121F39976008D350C /* EditDialog.storyboard */; };
		C3D9B93321F39976008D350C /* EditDetails.swift in Sources */ = {isa = PBXBuildFile; fileRef = C3D9B92221F39976008D350C /* EditDetails.swift */; };
		C3D9B93421F39976008D350C /* EditDialogCoordinator.swift in Sources */ = {isa = PBXBuildFile; fileRef = C3D9B92321F39976008D350C /* EditDialogCoordinator.swift */; };
		C3D9B93521F39976008D350C /* ListDialogCoordinator.swift in Sources */ = {isa = PBXBuildFile; fileRef = C3D9B92521F39976008D350C /* ListDialogCoordinator.swift */; };
		C3D9B93621F39976008D350C /* ListDialogWindowController.swift in Sources */ = {isa = PBXBuildFile; fileRef = C3D9B92621F39976008D350C /* ListDialogWindowController.swift */; };
		C3D9B93721F39976008D350C /* ListDialogViewController.swift in Sources */ = {isa = PBXBuildFile; fileRef = C3D9B92721F39976008D350C /* ListDialogViewController.swift */; };
		C3D9B93821F39976008D350C /* ListDialog.storyboard in Resources */ = {isa = PBXBuildFile; fileRef = C3D9B92821F39976008D350C /* ListDialog.storyboard */; };
		C3D9B93921F39976008D350C /* Listable.swift in Sources */ = {isa = PBXBuildFile; fileRef = C3D9B92921F39976008D350C /* Listable.swift */; };
		C3D9B93E21F3997D008D350C /* NetworkResponse.swift in Sources */ = {isa = PBXBuildFile; fileRef = C3D9B93B21F3997D008D350C /* NetworkResponse.swift */; };
		C3D9B93F21F3997D008D350C /* NetworkService.swift in Sources */ = {isa = PBXBuildFile; fileRef = C3D9B93C21F3997D008D350C /* NetworkService.swift */; };
		C3D9B94021F3997D008D350C /* NetworkRequest.swift in Sources */ = {isa = PBXBuildFile; fileRef = C3D9B93D21F3997D008D350C /* NetworkRequest.swift */; };
		C3D9B94B21F39A3B008D350C /* SwiftNest_iOS.h in Headers */ = {isa = PBXBuildFile; fileRef = C3D9B94921F39A3B008D350C /* SwiftNest_iOS.h */; settings = {ATTRIBUTES = (Public, ); }; };
		C3D9B96721F3A9E9008D350C /* URL+Extension.swift in Sources */ = {isa = PBXBuildFile; fileRef = C3D9B96621F3A9E9008D350C /* URL+Extension.swift */; };
		C3D9B96821F3A9E9008D350C /* URL+Extension.swift in Sources */ = {isa = PBXBuildFile; fileRef = C3D9B96621F3A9E9008D350C /* URL+Extension.swift */; };
		C3D9B96D21F3AA0A008D350C /* Image.swift in Sources */ = {isa = PBXBuildFile; fileRef = C3D9B96B21F3AA0A008D350C /* Image.swift */; };
		C3D9B96E21F3AA0A008D350C /* Image.swift in Sources */ = {isa = PBXBuildFile; fileRef = C3D9B96B21F3AA0A008D350C /* Image.swift */; };
		C3D9B96F21F3AA0A008D350C /* Font.swift in Sources */ = {isa = PBXBuildFile; fileRef = C3D9B96C21F3AA0A008D350C /* Font.swift */; };
		C3D9B97021F3AA0A008D350C /* Font.swift in Sources */ = {isa = PBXBuildFile; fileRef = C3D9B96C21F3AA0A008D350C /* Font.swift */; };
		C3D9B97221F3AA12008D350C /* Color.swift in Sources */ = {isa = PBXBuildFile; fileRef = C3D9B97121F3AA12008D350C /* Color.swift */; };
		C3D9B97321F3AA12008D350C /* Color.swift in Sources */ = {isa = PBXBuildFile; fileRef = C3D9B97121F3AA12008D350C /* Color.swift */; };
		C3D9B97621F3AA36008D350C /* Regex.swift in Sources */ = {isa = PBXBuildFile; fileRef = C3D9B97521F3AA36008D350C /* Regex.swift */; };
		C3D9B97721F3AA36008D350C /* Regex.swift in Sources */ = {isa = PBXBuildFile; fileRef = C3D9B97521F3AA36008D350C /* Regex.swift */; };
		C3E181B22210A652007199B9 /* AppInstanceId.swift in Sources */ = {isa = PBXBuildFile; fileRef = C3E181B12210A652007199B9 /* AppInstanceId.swift */; };
		C3E181B32210A652007199B9 /* AppInstanceId.swift in Sources */ = {isa = PBXBuildFile; fileRef = C3E181B12210A652007199B9 /* AppInstanceId.swift */; };
		C3E181B42210A652007199B9 /* AppInstanceId.swift in Sources */ = {isa = PBXBuildFile; fileRef = C3E181B12210A652007199B9 /* AppInstanceId.swift */; };
		C3F0B4CF21F4B3E80048150A /* FileProvider.swift in Sources */ = {isa = PBXBuildFile; fileRef = C3F0B4CE21F4B3E80048150A /* FileProvider.swift */; };
		C3F0B4D121F4B3F10048150A /* FileManager+Extension.swift in Sources */ = {isa = PBXBuildFile; fileRef = C3F0B4D021F4B3F10048150A /* FileManager+Extension.swift */; };
		C3FDB0B92217A77400EF16C0 /* DataExtensionsTests.swift in Sources */ = {isa = PBXBuildFile; fileRef = C3FDB0B82217A77400EF16C0 /* DataExtensionsTests.swift */; };
/* End PBXBuildFile section */

/* Begin PBXContainerItemProxy section */
		C3D9B8FA21F398B3008D350C /* PBXContainerItemProxy */ = {
			isa = PBXContainerItemProxy;
			containerPortal = C3D9B8E621F398B3008D350C /* Project object */;
			proxyType = 1;
			remoteGlobalIDString = C3D9B8EE21F398B3008D350C;
			remoteInfo = SwiftNest;
		};
/* End PBXContainerItemProxy section */

/* Begin PBXFileReference section */
		C347FA7C21F7A5A2008C4E53 /* SwiftNest.framework */ = {isa = PBXFileReference; explicitFileType = wrapper.framework; includeInIndex = 0; path = SwiftNest.framework; sourceTree = BUILT_PRODUCTS_DIR; };
		C347FA7E21F7A5A3008C4E53 /* SwiftNest.h */ = {isa = PBXFileReference; lastKnownFileType = sourcecode.c.h; path = SwiftNest.h; sourceTree = "<group>"; };
		C347FA7F21F7A5A3008C4E53 /* Info.plist */ = {isa = PBXFileReference; lastKnownFileType = text.plist.xml; path = Info.plist; sourceTree = "<group>"; };
		C36073982213B612005BB59D /* DateExtensionsTests.swift */ = {isa = PBXFileReference; lastKnownFileType = sourcecode.swift; path = DateExtensionsTests.swift; sourceTree = "<group>"; };
		C383976B2203E94800E50671 /* SimpleKeychain.swift */ = {isa = PBXFileReference; lastKnownFileType = sourcecode.swift; path = SimpleKeychain.swift; sourceTree = "<group>"; };
		C3D9B8EF21F398B3008D350C /* SwiftNest.framework */ = {isa = PBXFileReference; explicitFileType = wrapper.framework; includeInIndex = 0; path = SwiftNest.framework; sourceTree = BUILT_PRODUCTS_DIR; };
		C3D9B8F221F398B3008D350C /* SwiftNest.h */ = {isa = PBXFileReference; lastKnownFileType = sourcecode.c.h; path = SwiftNest.h; sourceTree = "<group>"; };
		C3D9B8F321F398B3008D350C /* Info.plist */ = {isa = PBXFileReference; lastKnownFileType = text.plist.xml; path = Info.plist; sourceTree = "<group>"; };
		C3D9B8F821F398B3008D350C /* SwiftNestTests.xctest */ = {isa = PBXFileReference; explicitFileType = wrapper.cfbundle; includeInIndex = 0; path = SwiftNestTests.xctest; sourceTree = BUILT_PRODUCTS_DIR; };
		C3D9B8FF21F398B3008D350C /* Info.plist */ = {isa = PBXFileReference; lastKnownFileType = text.plist.xml; path = Info.plist; sourceTree = "<group>"; };
		C3D9B91321F3996D008D350C /* BaseCoordinator.swift */ = {isa = PBXFileReference; fileEncoding = 4; lastKnownFileType = sourcecode.swift; path = BaseCoordinator.swift; sourceTree = "<group>"; };
		C3D9B91621F39976008D350C /* StringArrayListable.swift */ = {isa = PBXFileReference; fileEncoding = 4; lastKnownFileType = sourcecode.swift; path = StringArrayListable.swift; sourceTree = "<group>"; };
		C3D9B91721F39976008D350C /* Date+Extensions.swift */ = {isa = PBXFileReference; fileEncoding = 4; lastKnownFileType = sourcecode.swift; path = "Date+Extensions.swift"; sourceTree = "<group>"; };
		C3D9B91821F39976008D350C /* Data+Extensions.swift */ = {isa = PBXFileReference; fileEncoding = 4; lastKnownFileType = sourcecode.swift; path = "Data+Extensions.swift"; sourceTree = "<group>"; };
		C3D9B91C21F39976008D350C /* EditDialogViewController.swift */ = {isa = PBXFileReference; fileEncoding = 4; lastKnownFileType = sourcecode.swift; path = EditDialogViewController.swift; sourceTree = "<group>"; };
		C3D9B91D21F39976008D350C /* EditField.swift */ = {isa = PBXFileReference; fileEncoding = 4; lastKnownFileType = sourcecode.swift; path = EditField.swift; sourceTree = "<group>"; };
		C3D9B91E21F39976008D350C /* EditDialogWindowController.swift */ = {isa = PBXFileReference; fileEncoding = 4; lastKnownFileType = sourcecode.swift; path = EditDialogWindowController.swift; sourceTree = "<group>"; };
		C3D9B91F21F39976008D350C /* Editable.swift */ = {isa = PBXFileReference; fileEncoding = 4; lastKnownFileType = sourcecode.swift; path = Editable.swift; sourceTree = "<group>"; };
		C3D9B92021F39976008D350C /* Formatter.swift */ = {isa = PBXFileReference; fileEncoding = 4; lastKnownFileType = sourcecode.swift; path = Formatter.swift; sourceTree = "<group>"; };
		C3D9B92121F39976008D350C /* EditDialog.storyboard */ = {isa = PBXFileReference; fileEncoding = 4; lastKnownFileType = file.storyboard; path = EditDialog.storyboard; sourceTree = "<group>"; };
		C3D9B92221F39976008D350C /* EditDetails.swift */ = {isa = PBXFileReference; fileEncoding = 4; lastKnownFileType = sourcecode.swift; path = EditDetails.swift; sourceTree = "<group>"; };
		C3D9B92321F39976008D350C /* EditDialogCoordinator.swift */ = {isa = PBXFileReference; fileEncoding = 4; lastKnownFileType = sourcecode.swift; path = EditDialogCoordinator.swift; sourceTree = "<group>"; };
		C3D9B92521F39976008D350C /* ListDialogCoordinator.swift */ = {isa = PBXFileReference; fileEncoding = 4; lastKnownFileType = sourcecode.swift; path = ListDialogCoordinator.swift; sourceTree = "<group>"; };
		C3D9B92621F39976008D350C /* ListDialogWindowController.swift */ = {isa = PBXFileReference; fileEncoding = 4; lastKnownFileType = sourcecode.swift; path = ListDialogWindowController.swift; sourceTree = "<group>"; };
		C3D9B92721F39976008D350C /* ListDialogViewController.swift */ = {isa = PBXFileReference; fileEncoding = 4; lastKnownFileType = sourcecode.swift; path = ListDialogViewController.swift; sourceTree = "<group>"; };
		C3D9B92821F39976008D350C /* ListDialog.storyboard */ = {isa = PBXFileReference; fileEncoding = 4; lastKnownFileType = file.storyboard; path = ListDialog.storyboard; sourceTree = "<group>"; };
		C3D9B92921F39976008D350C /* Listable.swift */ = {isa = PBXFileReference; fileEncoding = 4; lastKnownFileType = sourcecode.swift; path = Listable.swift; sourceTree = "<group>"; };
		C3D9B93B21F3997D008D350C /* NetworkResponse.swift */ = {isa = PBXFileReference; fileEncoding = 4; lastKnownFileType = sourcecode.swift; path = NetworkResponse.swift; sourceTree = "<group>"; };
		C3D9B93C21F3997D008D350C /* NetworkService.swift */ = {isa = PBXFileReference; fileEncoding = 4; lastKnownFileType = sourcecode.swift; path = NetworkService.swift; sourceTree = "<group>"; };
		C3D9B93D21F3997D008D350C /* NetworkRequest.swift */ = {isa = PBXFileReference; fileEncoding = 4; lastKnownFileType = sourcecode.swift; path = NetworkRequest.swift; sourceTree = "<group>"; };
		C3D9B94721F39A3B008D350C /* SwiftNest.framework */ = {isa = PBXFileReference; explicitFileType = wrapper.framework; includeInIndex = 0; path = SwiftNest.framework; sourceTree = BUILT_PRODUCTS_DIR; };
		C3D9B94921F39A3B008D350C /* SwiftNest_iOS.h */ = {isa = PBXFileReference; lastKnownFileType = sourcecode.c.h; path = SwiftNest_iOS.h; sourceTree = "<group>"; };
		C3D9B94A21F39A3B008D350C /* Info.plist */ = {isa = PBXFileReference; lastKnownFileType = text.plist.xml; path = Info.plist; sourceTree = "<group>"; };
		C3D9B96621F3A9E9008D350C /* URL+Extension.swift */ = {isa = PBXFileReference; fileEncoding = 4; lastKnownFileType = sourcecode.swift; path = "URL+Extension.swift"; sourceTree = "<group>"; };
		C3D9B96B21F3AA0A008D350C /* Image.swift */ = {isa = PBXFileReference; fileEncoding = 4; lastKnownFileType = sourcecode.swift; path = Image.swift; sourceTree = "<group>"; };
		C3D9B96C21F3AA0A008D350C /* Font.swift */ = {isa = PBXFileReference; fileEncoding = 4; lastKnownFileType = sourcecode.swift; path = Font.swift; sourceTree = "<group>"; };
		C3D9B97121F3AA12008D350C /* Color.swift */ = {isa = PBXFileReference; fileEncoding = 4; lastKnownFileType = sourcecode.swift; path = Color.swift; sourceTree = "<group>"; };
		C3D9B97521F3AA36008D350C /* Regex.swift */ = {isa = PBXFileReference; fileEncoding = 4; lastKnownFileType = sourcecode.swift; path = Regex.swift; sourceTree = "<group>"; };
		C3E181B12210A652007199B9 /* AppInstanceId.swift */ = {isa = PBXFileReference; lastKnownFileType = sourcecode.swift; path = AppInstanceId.swift; sourceTree = "<group>"; };
		C3F0B4CE21F4B3E80048150A /* FileProvider.swift */ = {isa = PBXFileReference; fileEncoding = 4; lastKnownFileType = sourcecode.swift; path = FileProvider.swift; sourceTree = "<group>"; };
		C3F0B4D021F4B3F10048150A /* FileManager+Extension.swift */ = {isa = PBXFileReference; fileEncoding = 4; lastKnownFileType = sourcecode.swift; path = "FileManager+Extension.swift"; sourceTree = "<group>"; };
		C3FDB0B82217A77400EF16C0 /* DataExtensionsTests.swift */ = {isa = PBXFileReference; lastKnownFileType = sourcecode.swift; path = DataExtensionsTests.swift; sourceTree = "<group>"; };
/* End PBXFileReference section */

/* Begin PBXFrameworksBuildPhase section */
		C347FA7921F7A5A2008C4E53 /* Frameworks */ = {
			isa = PBXFrameworksBuildPhase;
			buildActionMask = 2147483647;
			files = (
			);
			runOnlyForDeploymentPostprocessing = 0;
		};
		C3D9B8EC21F398B3008D350C /* Frameworks */ = {
			isa = PBXFrameworksBuildPhase;
			buildActionMask = 2147483647;
			files = (
			);
			runOnlyForDeploymentPostprocessing = 0;
		};
		C3D9B8F521F398B3008D350C /* Frameworks */ = {
			isa = PBXFrameworksBuildPhase;
			buildActionMask = 2147483647;
			files = (
				C3D9B8F921F398B3008D350C /* SwiftNest.framework in Frameworks */,
			);
			runOnlyForDeploymentPostprocessing = 0;
		};
		C3D9B94421F39A3B008D350C /* Frameworks */ = {
			isa = PBXFrameworksBuildPhase;
			buildActionMask = 2147483647;
			files = (
			);
			runOnlyForDeploymentPostprocessing = 0;
		};
/* End PBXFrameworksBuildPhase section */

/* Begin PBXGroup section */
		C347FA7D21F7A5A3008C4E53 /* SwiftNest */ = {
			isa = PBXGroup;
			children = (
				C347FA7E21F7A5A3008C4E53 /* SwiftNest.h */,
				C347FA7F21F7A5A3008C4E53 /* Info.plist */,
			);
			path = SwiftNest;
			sourceTree = "<group>";
		};
		C36073972213B5DE005BB59D /* Extensions */ = {
			isa = PBXGroup;
			children = (
				C36073982213B612005BB59D /* DateExtensionsTests.swift */,
				C3FDB0B82217A77400EF16C0 /* DataExtensionsTests.swift */,
			);
			path = Extensions;
			sourceTree = "<group>";
		};
		C38397662203E73C00E50671 /* Security */ = {
			isa = PBXGroup;
			children = (
				C383976B2203E94800E50671 /* SimpleKeychain.swift */,
			);
			path = Security;
			sourceTree = "<group>";
		};
		C3D9B8E521F398B3008D350C = {
			isa = PBXGroup;
			children = (
				C3D9B8F121F398B3008D350C /* SwiftNest */,
				C3D9B8FC21F398B3008D350C /* SwiftNestTests */,
				C3D9B94821F39A3B008D350C /* SwiftNest iOS */,
				C347FA7D21F7A5A3008C4E53 /* SwiftNest */,
				C3D9B8F021F398B3008D350C /* Products */,
			);
			sourceTree = "<group>";
		};
		C3D9B8F021F398B3008D350C /* Products */ = {
			isa = PBXGroup;
			children = (
				C3D9B8EF21F398B3008D350C /* SwiftNest.framework */,
				C3D9B8F821F398B3008D350C /* SwiftNestTests.xctest */,
				C3D9B94721F39A3B008D350C /* SwiftNest.framework */,
				C347FA7C21F7A5A2008C4E53 /* SwiftNest.framework */,
			);
			name = Products;
			sourceTree = "<group>";
		};
		C3D9B8F121F398B3008D350C /* SwiftNest */ = {
			isa = PBXGroup;
			children = (
				C38397662203E73C00E50671 /* Security */,
				C3F0B4CD21F4B3E80048150A /* Providers */,
				C3D9B97421F3AA2D008D350C /* Text */,
				C3D9B96A21F3AA02008D350C /* Model */,
				C3D9B93A21F3997D008D350C /* Network */,
				C3D9B91A21F39976008D350C /* Dialogs */,
				C3D9B91521F39976008D350C /* Extensions */,
				C3D9B91221F3996D008D350C /* Coordinator */,
				C3D9B8F221F398B3008D350C /* SwiftNest.h */,
				C3D9B8F321F398B3008D350C /* Info.plist */,
			);
			path = SwiftNest;
			sourceTree = "<group>";
		};
		C3D9B8FC21F398B3008D350C /* SwiftNestTests */ = {
			isa = PBXGroup;
			children = (
				C36073972213B5DE005BB59D /* Extensions */,
				C3D9B8FF21F398B3008D350C /* Info.plist */,
			);
			path = SwiftNestTests;
			sourceTree = "<group>";
		};
		C3D9B91221F3996D008D350C /* Coordinator */ = {
			isa = PBXGroup;
			children = (
				C3D9B91321F3996D008D350C /* BaseCoordinator.swift */,
			);
			path = Coordinator;
			sourceTree = "<group>";
		};
		C3D9B91521F39976008D350C /* Extensions */ = {
			isa = PBXGroup;
			children = (
				C3F0B4D021F4B3F10048150A /* FileManager+Extension.swift */,
				C3D9B96621F3A9E9008D350C /* URL+Extension.swift */,
				C3D9B91721F39976008D350C /* Date+Extensions.swift */,
				C3D9B91821F39976008D350C /* Data+Extensions.swift */,
			);
			path = Extensions;
			sourceTree = "<group>";
		};
		C3D9B91A21F39976008D350C /* Dialogs */ = {
			isa = PBXGroup;
			children = (
				C3D9B91B21F39976008D350C /* EditDialog */,
				C3D9B92421F39976008D350C /* ListDialog */,
			);
			path = Dialogs;
			sourceTree = "<group>";
		};
		C3D9B91B21F39976008D350C /* EditDialog */ = {
			isa = PBXGroup;
			children = (
				C3D9B91C21F39976008D350C /* EditDialogViewController.swift */,
				C3D9B91D21F39976008D350C /* EditField.swift */,
				C3D9B91E21F39976008D350C /* EditDialogWindowController.swift */,
				C3D9B91F21F39976008D350C /* Editable.swift */,
				C3D9B92021F39976008D350C /* Formatter.swift */,
				C3D9B92121F39976008D350C /* EditDialog.storyboard */,
				C3D9B92221F39976008D350C /* EditDetails.swift */,
				C3D9B92321F39976008D350C /* EditDialogCoordinator.swift */,
			);
			path = EditDialog;
			sourceTree = "<group>";
		};
		C3D9B92421F39976008D350C /* ListDialog */ = {
			isa = PBXGroup;
			children = (
				C3D9B92521F39976008D350C /* ListDialogCoordinator.swift */,
				C3D9B92621F39976008D350C /* ListDialogWindowController.swift */,
				C3D9B92721F39976008D350C /* ListDialogViewController.swift */,
				C3D9B92821F39976008D350C /* ListDialog.storyboard */,
				C3D9B92921F39976008D350C /* Listable.swift */,
				C3D9B91621F39976008D350C /* StringArrayListable.swift */,
			);
			path = ListDialog;
			sourceTree = "<group>";
		};
		C3D9B93A21F3997D008D350C /* Network */ = {
			isa = PBXGroup;
			children = (
				C3D9B93B21F3997D008D350C /* NetworkResponse.swift */,
				C3D9B93C21F3997D008D350C /* NetworkService.swift */,
				C3D9B93D21F3997D008D350C /* NetworkRequest.swift */,
			);
			path = Network;
			sourceTree = "<group>";
		};
		C3D9B94821F39A3B008D350C /* SwiftNest iOS */ = {
			isa = PBXGroup;
			children = (
				C3D9B94921F39A3B008D350C /* SwiftNest_iOS.h */,
				C3D9B94A21F39A3B008D350C /* Info.plist */,
			);
			path = "SwiftNest iOS";
			sourceTree = "<group>";
		};
		C3D9B96A21F3AA02008D350C /* Model */ = {
			isa = PBXGroup;
			children = (
				C3D9B97121F3AA12008D350C /* Color.swift */,
				C3D9B96B21F3AA0A008D350C /* Image.swift */,
				C3D9B96C21F3AA0A008D350C /* Font.swift */,
				C3E181B12210A652007199B9 /* AppInstanceId.swift */,
			);
			path = Model;
			sourceTree = "<group>";
		};
		C3D9B97421F3AA2D008D350C /* Text */ = {
			isa = PBXGroup;
			children = (
				C3D9B97521F3AA36008D350C /* Regex.swift */,
			);
			path = Text;
			sourceTree = "<group>";
		};
		C3F0B4CD21F4B3E80048150A /* Providers */ = {
			isa = PBXGroup;
			children = (
				C3F0B4CE21F4B3E80048150A /* FileProvider.swift */,
			);
			path = Providers;
			sourceTree = "<group>";
		};
/* End PBXGroup section */

/* Begin PBXHeadersBuildPhase section */
		C347FA7721F7A5A2008C4E53 /* Headers */ = {
			isa = PBXHeadersBuildPhase;
			buildActionMask = 2147483647;
			files = (
				C347FA8021F7A5A3008C4E53 /* SwiftNest.h in Headers */,
			);
			runOnlyForDeploymentPostprocessing = 0;
		};
		C3D9B8EA21F398B3008D350C /* Headers */ = {
			isa = PBXHeadersBuildPhase;
			buildActionMask = 2147483647;
			files = (
				C3D9B90021F398B3008D350C /* SwiftNest.h in Headers */,
			);
			runOnlyForDeploymentPostprocessing = 0;
		};
		C3D9B94221F39A3B008D350C /* Headers */ = {
			isa = PBXHeadersBuildPhase;
			buildActionMask = 2147483647;
			files = (
				C3D9B94B21F39A3B008D350C /* SwiftNest_iOS.h in Headers */,
			);
			runOnlyForDeploymentPostprocessing = 0;
		};
/* End PBXHeadersBuildPhase section */

/* Begin PBXNativeTarget section */
		C347FA7B21F7A5A2008C4E53 /* SwiftNest tvOS */ = {
			isa = PBXNativeTarget;
			buildConfigurationList = C347FA8321F7A5A3008C4E53 /* Build configuration list for PBXNativeTarget "SwiftNest tvOS" */;
			buildPhases = (
				C347FA7721F7A5A2008C4E53 /* Headers */,
				C347FA7821F7A5A2008C4E53 /* Sources */,
				C347FA7921F7A5A2008C4E53 /* Frameworks */,
				C347FA7A21F7A5A2008C4E53 /* Resources */,
			);
			buildRules = (
			);
			dependencies = (
			);
			name = "SwiftNest tvOS";
			productName = SwiftNest;
			productReference = C347FA7C21F7A5A2008C4E53 /* SwiftNest.framework */;
			productType = "com.apple.product-type.framework";
		};
		C3D9B8EE21F398B3008D350C /* SwiftNest macOS */ = {
			isa = PBXNativeTarget;
			buildConfigurationList = C3D9B90321F398B3008D350C /* Build configuration list for PBXNativeTarget "SwiftNest macOS" */;
			buildPhases = (
				C3D9B8EA21F398B3008D350C /* Headers */,
				C3D9B8EB21F398B3008D350C /* Sources */,
				C3D9B8EC21F398B3008D350C /* Frameworks */,
				C3D9B8ED21F398B3008D350C /* Resources */,
			);
			buildRules = (
			);
			dependencies = (
			);
			name = "SwiftNest macOS";
			productName = SwiftNest;
			productReference = C3D9B8EF21F398B3008D350C /* SwiftNest.framework */;
			productType = "com.apple.product-type.framework";
		};
		C3D9B8F721F398B3008D350C /* SwiftNestTests */ = {
			isa = PBXNativeTarget;
			buildConfigurationList = C3D9B90621F398B3008D350C /* Build configuration list for PBXNativeTarget "SwiftNestTests" */;
			buildPhases = (
				C3D9B8F421F398B3008D350C /* Sources */,
				C3D9B8F521F398B3008D350C /* Frameworks */,
				C3D9B8F621F398B3008D350C /* Resources */,
			);
			buildRules = (
			);
			dependencies = (
				C3D9B8FB21F398B3008D350C /* PBXTargetDependency */,
			);
			name = SwiftNestTests;
			productName = SwiftNestTests;
			productReference = C3D9B8F821F398B3008D350C /* SwiftNestTests.xctest */;
			productType = "com.apple.product-type.bundle.unit-test";
		};
		C3D9B94621F39A3B008D350C /* SwiftNest iOS */ = {
			isa = PBXNativeTarget;
			buildConfigurationList = C3D9B94C21F39A3B008D350C /* Build configuration list for PBXNativeTarget "SwiftNest iOS" */;
			buildPhases = (
				C3D9B94221F39A3B008D350C /* Headers */,
				C3D9B94321F39A3B008D350C /* Sources */,
				C3D9B94421F39A3B008D350C /* Frameworks */,
				C3D9B94521F39A3B008D350C /* Resources */,
			);
			buildRules = (
			);
			dependencies = (
			);
			name = "SwiftNest iOS";
			productName = "SwiftNest iOS";
			productReference = C3D9B94721F39A3B008D350C /* SwiftNest.framework */;
			productType = "com.apple.product-type.framework";
		};
/* End PBXNativeTarget section */

/* Begin PBXProject section */
		C3D9B8E621F398B3008D350C /* Project object */ = {
			isa = PBXProject;
			attributes = {
				LastSwiftUpdateCheck = 1010;
				LastUpgradeCheck = 1010;
				ORGANIZATIONNAME = repairward;
				TargetAttributes = {
					C347FA7B21F7A5A2008C4E53 = {
						CreatedOnToolsVersion = 10.1;
					};
					C3D9B8EE21F398B3008D350C = {
						CreatedOnToolsVersion = 10.1;
					};
					C3D9B8F721F398B3008D350C = {
						CreatedOnToolsVersion = 10.1;
					};
					C3D9B94621F39A3B008D350C = {
						CreatedOnToolsVersion = 10.1;
					};
				};
			};
			buildConfigurationList = C3D9B8E921F398B3008D350C /* Build configuration list for PBXProject "SwiftNest" */;
			compatibilityVersion = "Xcode 9.3";
			developmentRegion = en;
			hasScannedForEncodings = 0;
			knownRegions = (
				en,
			);
			mainGroup = C3D9B8E521F398B3008D350C;
			productRefGroup = C3D9B8F021F398B3008D350C /* Products */;
			projectDirPath = "";
			projectRoot = "";
			targets = (
				C3D9B8EE21F398B3008D350C /* SwiftNest macOS */,
				C3D9B8F721F398B3008D350C /* SwiftNestTests */,
				C3D9B94621F39A3B008D350C /* SwiftNest iOS */,
				C347FA7B21F7A5A2008C4E53 /* SwiftNest tvOS */,
			);
		};
/* End PBXProject section */

/* Begin PBXResourcesBuildPhase section */
		C347FA7A21F7A5A2008C4E53 /* Resources */ = {
			isa = PBXResourcesBuildPhase;
			buildActionMask = 2147483647;
			files = (
			);
			runOnlyForDeploymentPostprocessing = 0;
		};
		C3D9B8ED21F398B3008D350C /* Resources */ = {
			isa = PBXResourcesBuildPhase;
			buildActionMask = 2147483647;
			files = (
				C3D9B93821F39976008D350C /* ListDialog.storyboard in Resources */,
				C3D9B93221F39976008D350C /* EditDialog.storyboard in Resources */,
			);
			runOnlyForDeploymentPostprocessing = 0;
		};
		C3D9B8F621F398B3008D350C /* Resources */ = {
			isa = PBXResourcesBuildPhase;
			buildActionMask = 2147483647;
			files = (
			);
			runOnlyForDeploymentPostprocessing = 0;
		};
		C3D9B94521F39A3B008D350C /* Resources */ = {
			isa = PBXResourcesBuildPhase;
			buildActionMask = 2147483647;
			files = (
			);
			runOnlyForDeploymentPostprocessing = 0;
		};
/* End PBXResourcesBuildPhase section */

/* Begin PBXSourcesBuildPhase section */
		C347FA7821F7A5A2008C4E53 /* Sources */ = {
			isa = PBXSourcesBuildPhase;
			buildActionMask = 2147483647;
			files = (
				C347FA8521F7A5B5008C4E53 /* FileProvider.swift in Sources */,
				C383976E2203E94800E50671 /* SimpleKeychain.swift in Sources */,
				C347FA8821F7A5C0008C4E53 /* Image.swift in Sources */,
				C347FA9A21F7A5E8008C4E53 /* BaseCoordinator.swift in Sources */,
				C347FA8F21F7A5CC008C4E53 /* NetworkRequest.swift in Sources */,
				C347FA9221F7A5D6008C4E53 /* URL+Extension.swift in Sources */,
				C347FA9621F7A5DC008C4E53 /* Date+Extensions.swift in Sources */,
				C347FA8921F7A5C3008C4E53 /* Font.swift in Sources */,
				C347FA8621F7A5B9008C4E53 /* Regex.swift in Sources */,
				C347FA8721F7A5BE008C4E53 /* Color.swift in Sources */,
				C347FA8B21F7A5C6008C4E53 /* NetworkResponse.swift in Sources */,
				C347FA9821F7A5E3008C4E53 /* Data+Extensions.swift in Sources */,
				C3E181B42210A652007199B9 /* AppInstanceId.swift in Sources */,
				C347FA8D21F7A5CA008C4E53 /* NetworkService.swift in Sources */,
				C347FA9121F7A5D4008C4E53 /* FileManager+Extension.swift in Sources */,
			);
			runOnlyForDeploymentPostprocessing = 0;
		};
		C3D9B8EB21F398B3008D350C /* Sources */ = {
			isa = PBXSourcesBuildPhase;
			buildActionMask = 2147483647;
			files = (
				C3D9B93421F39976008D350C /* EditDialogCoordinator.swift in Sources */,
				C3D9B93921F39976008D350C /* Listable.swift in Sources */,
				C3D9B96F21F3AA0A008D350C /* Font.swift in Sources */,
				C3D9B92A21F39976008D350C /* StringArrayListable.swift in Sources */,
				C3D9B92D21F39976008D350C /* EditDialogViewController.swift in Sources */,
				C3D9B92C21F39976008D350C /* Data+Extensions.swift in Sources */,
				C3D9B93F21F3997D008D350C /* NetworkService.swift in Sources */,
				C3D9B93121F39976008D350C /* Formatter.swift in Sources */,
				C3F0B4CF21F4B3E80048150A /* FileProvider.swift in Sources */,
				C3D9B93321F39976008D350C /* EditDetails.swift in Sources */,
				C3D9B93021F39976008D350C /* Editable.swift in Sources */,
				C3F0B4D121F4B3F10048150A /* FileManager+Extension.swift in Sources */,
				C3D9B96D21F3AA0A008D350C /* Image.swift in Sources */,
				C3D9B92F21F39976008D350C /* EditDialogWindowController.swift in Sources */,
				C3D9B97621F3AA36008D350C /* Regex.swift in Sources */,
				C3D9B93E21F3997D008D350C /* NetworkResponse.swift in Sources */,
				C3D9B97221F3AA12008D350C /* Color.swift in Sources */,
				C3D9B96721F3A9E9008D350C /* URL+Extension.swift in Sources */,
				C3D9B91421F3996D008D350C /* BaseCoordinator.swift in Sources */,
				C3D9B92E21F39976008D350C /* EditField.swift in Sources */,
				C3D9B93721F39976008D350C /* ListDialogViewController.swift in Sources */,
				C3D9B93521F39976008D350C /* ListDialogCoordinator.swift in Sources */,
				C3D9B93621F39976008D350C /* ListDialogWindowController.swift in Sources */,
				C3D9B94021F3997D008D350C /* NetworkRequest.swift in Sources */,
				C3E181B22210A652007199B9 /* AppInstanceId.swift in Sources */,
				C3D9B92B21F39976008D350C /* Date+Extensions.swift in Sources */,
				C383976C2203E94800E50671 /* SimpleKeychain.swift in Sources */,
			);
			runOnlyForDeploymentPostprocessing = 0;
		};
		C3D9B8F421F398B3008D350C /* Sources */ = {
			isa = PBXSourcesBuildPhase;
			buildActionMask = 2147483647;
			files = (
				C36073992213B612005BB59D /* DateExtensionsTests.swift in Sources */,
				C3FDB0B92217A77400EF16C0 /* DataExtensionsTests.swift in Sources */,
			);
			runOnlyForDeploymentPostprocessing = 0;
		};
		C3D9B94321F39A3B008D350C /* Sources */ = {
			isa = PBXSourcesBuildPhase;
			buildActionMask = 2147483647;
			files = (
				C3D9B96821F3A9E9008D350C /* URL+Extension.swift in Sources */,
				C383976D2203E94800E50671 /* SimpleKeychain.swift in Sources */,
				C347FA9021F7A5D3008C4E53 /* FileManager+Extension.swift in Sources */,
				C347FA9921F7A5E7008C4E53 /* BaseCoordinator.swift in Sources */,
				C3D9B97721F3AA36008D350C /* Regex.swift in Sources */,
				C347FA8C21F7A5C9008C4E53 /* NetworkService.swift in Sources */,
				C347FA9521F7A5DB008C4E53 /* Date+Extensions.swift in Sources */,
				C347FA8A21F7A5C6008C4E53 /* NetworkResponse.swift in Sources */,
				C347FA8421F7A5B5008C4E53 /* FileProvider.swift in Sources */,
				C3D9B97321F3AA12008D350C /* Color.swift in Sources */,
				C3D9B96E21F3AA0A008D350C /* Image.swift in Sources */,
				C347FA9721F7A5E3008C4E53 /* Data+Extensions.swift in Sources */,
				C3E181B32210A652007199B9 /* AppInstanceId.swift in Sources */,
				C347FA8E21F7A5CC008C4E53 /* NetworkRequest.swift in Sources */,
				C3D9B97021F3AA0A008D350C /* Font.swift in Sources */,
			);
			runOnlyForDeploymentPostprocessing = 0;
		};
/* End PBXSourcesBuildPhase section */

/* Begin PBXTargetDependency section */
		C3D9B8FB21F398B3008D350C /* PBXTargetDependency */ = {
			isa = PBXTargetDependency;
			target = C3D9B8EE21F398B3008D350C /* SwiftNest macOS */;
			targetProxy = C3D9B8FA21F398B3008D350C /* PBXContainerItemProxy */;
		};
/* End PBXTargetDependency section */

/* Begin XCBuildConfiguration section */
		C347FA8121F7A5A3008C4E53 /* Debug */ = {
			isa = XCBuildConfiguration;
			buildSettings = {
				CODE_SIGN_IDENTITY = "";
				CODE_SIGN_STYLE = Automatic;
				DEFINES_MODULE = YES;
				DEVELOPMENT_TEAM = 7H6W2T78Z6;
				DYLIB_COMPATIBILITY_VERSION = 1;
				DYLIB_CURRENT_VERSION = 1;
				DYLIB_INSTALL_NAME_BASE = "@rpath";
				INFOPLIST_FILE = SwiftNest/Info.plist;
				INSTALL_PATH = "$(LOCAL_LIBRARY_DIR)/Frameworks";
				LD_RUNPATH_SEARCH_PATHS = (
					"$(inherited)",
					"@executable_path/Frameworks",
					"@loader_path/Frameworks",
				);
				PRODUCT_BUNDLE_IDENTIFIER = com.repairward.SwiftNest;
				PRODUCT_NAME = SwiftNest;
				SDKROOT = appletvos;
				SKIP_INSTALL = YES;
				SWIFT_VERSION = 4.2;
				TARGETED_DEVICE_FAMILY = 3;
				TVOS_DEPLOYMENT_TARGET = 11.4;
			};
			name = Debug;
		};
		C347FA8221F7A5A3008C4E53 /* Release */ = {
			isa = XCBuildConfiguration;
			buildSettings = {
				CODE_SIGN_IDENTITY = "";
				CODE_SIGN_STYLE = Automatic;
				DEFINES_MODULE = YES;
				DEVELOPMENT_TEAM = 7H6W2T78Z6;
				DYLIB_COMPATIBILITY_VERSION = 1;
				DYLIB_CURRENT_VERSION = 1;
				DYLIB_INSTALL_NAME_BASE = "@rpath";
				INFOPLIST_FILE = SwiftNest/Info.plist;
				INSTALL_PATH = "$(LOCAL_LIBRARY_DIR)/Frameworks";
				LD_RUNPATH_SEARCH_PATHS = (
					"$(inherited)",
					"@executable_path/Frameworks",
					"@loader_path/Frameworks",
				);
				PRODUCT_BUNDLE_IDENTIFIER = com.repairward.SwiftNest;
				PRODUCT_NAME = SwiftNest;
				SDKROOT = appletvos;
				SKIP_INSTALL = YES;
				SWIFT_VERSION = 4.2;
				TARGETED_DEVICE_FAMILY = 3;
				TVOS_DEPLOYMENT_TARGET = 11.4;
				VALIDATE_PRODUCT = YES;
			};
			name = Release;
		};
		C3D9B90121F398B3008D350C /* Debug */ = {
			isa = XCBuildConfiguration;
			buildSettings = {
				ALWAYS_SEARCH_USER_PATHS = NO;
				CLANG_ANALYZER_NONNULL = YES;
				CLANG_ANALYZER_NUMBER_OBJECT_CONVERSION = YES_AGGRESSIVE;
				CLANG_CXX_LANGUAGE_STANDARD = "gnu++14";
				CLANG_CXX_LIBRARY = "libc++";
				CLANG_ENABLE_MODULES = YES;
				CLANG_ENABLE_OBJC_ARC = YES;
				CLANG_ENABLE_OBJC_WEAK = YES;
				CLANG_WARN_BLOCK_CAPTURE_AUTORELEASING = YES;
				CLANG_WARN_BOOL_CONVERSION = YES;
				CLANG_WARN_COMMA = YES;
				CLANG_WARN_CONSTANT_CONVERSION = YES;
				CLANG_WARN_DEPRECATED_OBJC_IMPLEMENTATIONS = YES;
				CLANG_WARN_DIRECT_OBJC_ISA_USAGE = YES_ERROR;
				CLANG_WARN_DOCUMENTATION_COMMENTS = YES;
				CLANG_WARN_EMPTY_BODY = YES;
				CLANG_WARN_ENUM_CONVERSION = YES;
				CLANG_WARN_INFINITE_RECURSION = YES;
				CLANG_WARN_INT_CONVERSION = YES;
				CLANG_WARN_NON_LITERAL_NULL_CONVERSION = YES;
				CLANG_WARN_OBJC_IMPLICIT_RETAIN_SELF = YES;
				CLANG_WARN_OBJC_LITERAL_CONVERSION = YES;
				CLANG_WARN_OBJC_ROOT_CLASS = YES_ERROR;
				CLANG_WARN_RANGE_LOOP_ANALYSIS = YES;
				CLANG_WARN_STRICT_PROTOTYPES = YES;
				CLANG_WARN_SUSPICIOUS_MOVE = YES;
				CLANG_WARN_UNGUARDED_AVAILABILITY = YES_AGGRESSIVE;
				CLANG_WARN_UNREACHABLE_CODE = YES;
				CLANG_WARN__DUPLICATE_METHOD_MATCH = YES;
				CODE_SIGN_IDENTITY = "Mac Developer";
				COPY_PHASE_STRIP = NO;
				CURRENT_PROJECT_VERSION = 1;
				DEBUG_INFORMATION_FORMAT = dwarf;
				ENABLE_STRICT_OBJC_MSGSEND = YES;
				ENABLE_TESTABILITY = YES;
				GCC_C_LANGUAGE_STANDARD = gnu11;
				GCC_DYNAMIC_NO_PIC = NO;
				GCC_NO_COMMON_BLOCKS = YES;
				GCC_OPTIMIZATION_LEVEL = 0;
				GCC_PREPROCESSOR_DEFINITIONS = (
					"DEBUG=1",
					"$(inherited)",
				);
				GCC_WARN_64_TO_32_BIT_CONVERSION = YES;
				GCC_WARN_ABOUT_RETURN_TYPE = YES_ERROR;
				GCC_WARN_UNDECLARED_SELECTOR = YES;
				GCC_WARN_UNINITIALIZED_AUTOS = YES_AGGRESSIVE;
				GCC_WARN_UNUSED_FUNCTION = YES;
				GCC_WARN_UNUSED_VARIABLE = YES;
				MACOSX_DEPLOYMENT_TARGET = 10.14;
				MTL_ENABLE_DEBUG_INFO = INCLUDE_SOURCE;
				MTL_FAST_MATH = YES;
				ONLY_ACTIVE_ARCH = YES;
				SDKROOT = macosx;
				SWIFT_ACTIVE_COMPILATION_CONDITIONS = DEBUG;
				SWIFT_OPTIMIZATION_LEVEL = "-Onone";
				VERSIONING_SYSTEM = "apple-generic";
				VERSION_INFO_PREFIX = "";
			};
			name = Debug;
		};
		C3D9B90221F398B3008D350C /* Release */ = {
			isa = XCBuildConfiguration;
			buildSettings = {
				ALWAYS_SEARCH_USER_PATHS = NO;
				CLANG_ANALYZER_NONNULL = YES;
				CLANG_ANALYZER_NUMBER_OBJECT_CONVERSION = YES_AGGRESSIVE;
				CLANG_CXX_LANGUAGE_STANDARD = "gnu++14";
				CLANG_CXX_LIBRARY = "libc++";
				CLANG_ENABLE_MODULES = YES;
				CLANG_ENABLE_OBJC_ARC = YES;
				CLANG_ENABLE_OBJC_WEAK = YES;
				CLANG_WARN_BLOCK_CAPTURE_AUTORELEASING = YES;
				CLANG_WARN_BOOL_CONVERSION = YES;
				CLANG_WARN_COMMA = YES;
				CLANG_WARN_CONSTANT_CONVERSION = YES;
				CLANG_WARN_DEPRECATED_OBJC_IMPLEMENTATIONS = YES;
				CLANG_WARN_DIRECT_OBJC_ISA_USAGE = YES_ERROR;
				CLANG_WARN_DOCUMENTATION_COMMENTS = YES;
				CLANG_WARN_EMPTY_BODY = YES;
				CLANG_WARN_ENUM_CONVERSION = YES;
				CLANG_WARN_INFINITE_RECURSION = YES;
				CLANG_WARN_INT_CONVERSION = YES;
				CLANG_WARN_NON_LITERAL_NULL_CONVERSION = YES;
				CLANG_WARN_OBJC_IMPLICIT_RETAIN_SELF = YES;
				CLANG_WARN_OBJC_LITERAL_CONVERSION = YES;
				CLANG_WARN_OBJC_ROOT_CLASS = YES_ERROR;
				CLANG_WARN_RANGE_LOOP_ANALYSIS = YES;
				CLANG_WARN_STRICT_PROTOTYPES = YES;
				CLANG_WARN_SUSPICIOUS_MOVE = YES;
				CLANG_WARN_UNGUARDED_AVAILABILITY = YES_AGGRESSIVE;
				CLANG_WARN_UNREACHABLE_CODE = YES;
				CLANG_WARN__DUPLICATE_METHOD_MATCH = YES;
				CODE_SIGN_IDENTITY = "Mac Developer";
				COPY_PHASE_STRIP = NO;
				CURRENT_PROJECT_VERSION = 1;
				DEBUG_INFORMATION_FORMAT = "dwarf-with-dsym";
				ENABLE_NS_ASSERTIONS = NO;
				ENABLE_STRICT_OBJC_MSGSEND = YES;
				GCC_C_LANGUAGE_STANDARD = gnu11;
				GCC_NO_COMMON_BLOCKS = YES;
				GCC_WARN_64_TO_32_BIT_CONVERSION = YES;
				GCC_WARN_ABOUT_RETURN_TYPE = YES_ERROR;
				GCC_WARN_UNDECLARED_SELECTOR = YES;
				GCC_WARN_UNINITIALIZED_AUTOS = YES_AGGRESSIVE;
				GCC_WARN_UNUSED_FUNCTION = YES;
				GCC_WARN_UNUSED_VARIABLE = YES;
				MACOSX_DEPLOYMENT_TARGET = 10.14;
				MTL_ENABLE_DEBUG_INFO = NO;
				MTL_FAST_MATH = YES;
				SDKROOT = macosx;
				SWIFT_COMPILATION_MODE = wholemodule;
				SWIFT_OPTIMIZATION_LEVEL = "-O";
				VERSIONING_SYSTEM = "apple-generic";
				VERSION_INFO_PREFIX = "";
			};
			name = Release;
		};
		C3D9B90421F398B3008D350C /* Debug */ = {
			isa = XCBuildConfiguration;
			buildSettings = {
				CODE_SIGN_IDENTITY = "";
				CODE_SIGN_STYLE = Automatic;
				COMBINE_HIDPI_IMAGES = YES;
				DEFINES_MODULE = YES;
				DEVELOPMENT_TEAM = 7H6W2T78Z6;
				DYLIB_COMPATIBILITY_VERSION = 1;
				DYLIB_CURRENT_VERSION = 1;
				DYLIB_INSTALL_NAME_BASE = "@rpath";
				FRAMEWORK_VERSION = A;
				INFOPLIST_FILE = SwiftNest/Info.plist;
				INSTALL_PATH = "$(LOCAL_LIBRARY_DIR)/Frameworks";
				LD_RUNPATH_SEARCH_PATHS = (
					"$(inherited)",
					"@executable_path/../Frameworks",
					"@loader_path/Frameworks",
				);
				MACOSX_DEPLOYMENT_TARGET = 10.13;
				PRODUCT_BUNDLE_IDENTIFIER = com.repairward.SwiftNest;
				PRODUCT_NAME = SwiftNest;
				SKIP_INSTALL = YES;
				SWIFT_VERSION = 4.2;
			};
			name = Debug;
		};
		C3D9B90521F398B3008D350C /* Release */ = {
			isa = XCBuildConfiguration;
			buildSettings = {
				CODE_SIGN_IDENTITY = "";
				CODE_SIGN_STYLE = Automatic;
				COMBINE_HIDPI_IMAGES = YES;
				DEFINES_MODULE = YES;
				DEVELOPMENT_TEAM = 7H6W2T78Z6;
				DYLIB_COMPATIBILITY_VERSION = 1;
				DYLIB_CURRENT_VERSION = 1;
				DYLIB_INSTALL_NAME_BASE = "@rpath";
				FRAMEWORK_VERSION = A;
				INFOPLIST_FILE = SwiftNest/Info.plist;
				INSTALL_PATH = "$(LOCAL_LIBRARY_DIR)/Frameworks";
				LD_RUNPATH_SEARCH_PATHS = (
					"$(inherited)",
					"@executable_path/../Frameworks",
					"@loader_path/Frameworks",
				);
				MACOSX_DEPLOYMENT_TARGET = 10.13;
				PRODUCT_BUNDLE_IDENTIFIER = com.repairward.SwiftNest;
				PRODUCT_NAME = SwiftNest;
				SKIP_INSTALL = YES;
				SWIFT_VERSION = 4.2;
			};
			name = Release;
		};
		C3D9B90721F398B3008D350C /* Debug */ = {
			isa = XCBuildConfiguration;
			buildSettings = {
				ALWAYS_EMBED_SWIFT_STANDARD_LIBRARIES = YES;
				CODE_SIGN_STYLE = Automatic;
				COMBINE_HIDPI_IMAGES = YES;
				DEVELOPMENT_TEAM = 7H6W2T78Z6;
				INFOPLIST_FILE = SwiftNestTests/Info.plist;
				LD_RUNPATH_SEARCH_PATHS = (
					"$(inherited)",
					"@executable_path/../Frameworks",
					"@loader_path/../Frameworks",
				);
				PRODUCT_BUNDLE_IDENTIFIER = com.repairward.SwiftNestTests;
				PRODUCT_NAME = "$(TARGET_NAME)";
				SWIFT_VERSION = 4.2;
			};
			name = Debug;
		};
		C3D9B90821F398B3008D350C /* Release */ = {
			isa = XCBuildConfiguration;
			buildSettings = {
				ALWAYS_EMBED_SWIFT_STANDARD_LIBRARIES = YES;
				CODE_SIGN_STYLE = Automatic;
				COMBINE_HIDPI_IMAGES = YES;
				DEVELOPMENT_TEAM = 7H6W2T78Z6;
				INFOPLIST_FILE = SwiftNestTests/Info.plist;
				LD_RUNPATH_SEARCH_PATHS = (
					"$(inherited)",
					"@executable_path/../Frameworks",
					"@loader_path/../Frameworks",
				);
				PRODUCT_BUNDLE_IDENTIFIER = com.repairward.SwiftNestTests;
				PRODUCT_NAME = "$(TARGET_NAME)";
				SWIFT_VERSION = 4.2;
			};
			name = Release;
		};
		C3D9B94D21F39A3B008D350C /* Debug */ = {
			isa = XCBuildConfiguration;
			buildSettings = {
				CODE_SIGN_IDENTITY = "iPhone Developer";
				CODE_SIGN_STYLE = Automatic;
				DEFINES_MODULE = YES;
				DEVELOPMENT_TEAM = 7H6W2T78Z6;
				DYLIB_COMPATIBILITY_VERSION = 1;
				DYLIB_CURRENT_VERSION = 1;
				DYLIB_INSTALL_NAME_BASE = "@rpath";
				INFOPLIST_FILE = "SwiftNest iOS/Info.plist";
				INSTALL_PATH = "$(LOCAL_LIBRARY_DIR)/Frameworks";
				IPHONEOS_DEPLOYMENT_TARGET = 11.4;
				LD_RUNPATH_SEARCH_PATHS = (
					"$(inherited)",
					"@executable_path/Frameworks",
					"@loader_path/Frameworks",
				);
				PRODUCT_BUNDLE_IDENTIFIER = com.repairward.SwiftNest;
				PRODUCT_NAME = SwiftNest;
				SDKROOT = iphoneos;
				SKIP_INSTALL = YES;
				SWIFT_VERSION = 4.2;
				TARGETED_DEVICE_FAMILY = "1,2";
			};
			name = Debug;
		};
		C3D9B94E21F39A3B008D350C /* Release */ = {
			isa = XCBuildConfiguration;
			buildSettings = {
				CODE_SIGN_IDENTITY = "iPhone Developer";
				CODE_SIGN_STYLE = Automatic;
				DEFINES_MODULE = YES;
				DEVELOPMENT_TEAM = 7H6W2T78Z6;
				DYLIB_COMPATIBILITY_VERSION = 1;
				DYLIB_CURRENT_VERSION = 1;
				DYLIB_INSTALL_NAME_BASE = "@rpath";
				INFOPLIST_FILE = "SwiftNest iOS/Info.plist";
				INSTALL_PATH = "$(LOCAL_LIBRARY_DIR)/Frameworks";
				IPHONEOS_DEPLOYMENT_TARGET = 11.4;
				LD_RUNPATH_SEARCH_PATHS = (
					"$(inherited)",
					"@executable_path/Frameworks",
					"@loader_path/Frameworks",
				);
				PRODUCT_BUNDLE_IDENTIFIER = com.repairward.SwiftNest;
				PRODUCT_NAME = SwiftNest;
				SDKROOT = iphoneos;
				SKIP_INSTALL = YES;
				SWIFT_VERSION = 4.2;
				TARGETED_DEVICE_FAMILY = "1,2";
				VALIDATE_PRODUCT = YES;
			};
			name = Release;
		};
/* End XCBuildConfiguration section */

/* Begin XCConfigurationList section */
		C347FA8321F7A5A3008C4E53 /* Build configuration list for PBXNativeTarget "SwiftNest tvOS" */ = {
			isa = XCConfigurationList;
			buildConfigurations = (
				C347FA8121F7A5A3008C4E53 /* Debug */,
				C347FA8221F7A5A3008C4E53 /* Release */,
			);
			defaultConfigurationIsVisible = 0;
			defaultConfigurationName = Release;
		};
		C3D9B8E921F398B3008D350C /* Build configuration list for PBXProject "SwiftNest" */ = {
			isa = XCConfigurationList;
			buildConfigurations = (
				C3D9B90121F398B3008D350C /* Debug */,
				C3D9B90221F398B3008D350C /* Release */,
			);
			defaultConfigurationIsVisible = 0;
			defaultConfigurationName = Release;
		};
		C3D9B90321F398B3008D350C /* Build configuration list for PBXNativeTarget "SwiftNest macOS" */ = {
			isa = XCConfigurationList;
			buildConfigurations = (
				C3D9B90421F398B3008D350C /* Debug */,
				C3D9B90521F398B3008D350C /* Release */,
			);
			defaultConfigurationIsVisible = 0;
			defaultConfigurationName = Release;
		};
		C3D9B90621F398B3008D350C /* Build configuration list for PBXNativeTarget "SwiftNestTests" */ = {
			isa = XCConfigurationList;
			buildConfigurations = (
				C3D9B90721F398B3008D350C /* Debug */,
				C3D9B90821F398B3008D350C /* Release */,
			);
			defaultConfigurationIsVisible = 0;
			defaultConfigurationName = Release;
		};
		C3D9B94C21F39A3B008D350C /* Build configuration list for PBXNativeTarget "SwiftNest iOS" */ = {
			isa = XCConfigurationList;
			buildConfigurations = (
				C3D9B94D21F39A3B008D350C /* Debug */,
				C3D9B94E21F39A3B008D350C /* Release */,
			);
			defaultConfigurationIsVisible = 0;
			defaultConfigurationName = Release;
		};
/* End XCConfigurationList section */
	};
	rootObject = C3D9B8E621F398B3008D350C /* Project object */;
}
